// !$*UTF8*$!
{
	archiveVersion = 1;
	classes = {
	};
	objectVersion = 46;
	objects = {

/* Begin PBXBuildFile section */
		CD4BA1601490FA2100A58899 /* Syphon.framework in Frameworks */ = {isa = PBXBuildFile; fileRef = CD4BA15F1490FA2100A58899 /* Syphon.framework */; };
		CD4BA1721491002400A58899 /* VVBasics.framework in CopyFiles */ = {isa = PBXBuildFile; fileRef = CD4BA16B1491000E00A58899 /* VVBasics.framework */; };
		CD4BA1731491002400A58899 /* VVMIDI.framework in CopyFiles */ = {isa = PBXBuildFile; fileRef = CD4BA16C1491000E00A58899 /* VVMIDI.framework */; };
		CD4BA1741491002400A58899 /* VVOSC.framework in CopyFiles */ = {isa = PBXBuildFile; fileRef = CD4BA16D1491000E00A58899 /* VVOSC.framework */; };
		CD4BA1751491002400A58899 /* Syphon.framework in CopyFiles */ = {isa = PBXBuildFile; fileRef = CD4BA15F1490FA2100A58899 /* Syphon.framework */; };
		CD4BA177149105F000A58899 /* Syphon Icon.icns in Resources */ = {isa = PBXBuildFile; fileRef = CD4BA176149105F000A58899 /* Syphon Icon.icns */; };
		CD4BA18F1491186F00A58899 /* MBWindowController.m in Sources */ = {isa = PBXBuildFile; fileRef = CD4BA18E1491186F00A58899 /* MBWindowController.m */; };
		CD4BA19214911A7100A58899 /* MBBufferObject.m in Sources */ = {isa = PBXBuildFile; fileRef = CD4BA19114911A7100A58899 /* MBBufferObject.m */; };
		CD4BA1951491206D00A58899 /* ServerDescriptionValueTransformer.m in Sources */ = {isa = PBXBuildFile; fileRef = CD4BA1941491206D00A58899 /* ServerDescriptionValueTransformer.m */; };
		CD4BA198149122ED00A58899 /* SourceSyphon.m in Sources */ = {isa = PBXBuildFile; fileRef = CD4BA197149122EC00A58899 /* SourceSyphon.m */; };
		CD4BA1ED1491297C00A58899 /* CoreVideo.framework in Frameworks */ = {isa = PBXBuildFile; fileRef = CD4BA1EC1491297C00A58899 /* CoreVideo.framework */; };
		CD4BA1F114912F0000A58899 /* QuartzCore.framework in Frameworks */ = {isa = PBXBuildFile; fileRef = CD4BA1F014912F0000A58899 /* QuartzCore.framework */; };
		CD4BA1F4149131F000A58899 /* NSMutableStack.m in Sources */ = {isa = PBXBuildFile; fileRef = CD4BA1F3149131F000A58899 /* NSMutableStack.m */; };
		CD6B335C1494C64800E93C34 /* MBGLView.m in Sources */ = {isa = PBXBuildFile; fileRef = CD6B335B1494C64800E93C34 /* MBGLView.m */; };
		CD6B33631494CF8F00E93C34 /* OpenGL.framework in Frameworks */ = {isa = PBXBuildFile; fileRef = CD6B33621494CF8E00E93C34 /* OpenGL.framework */; };
		CD6B336E1494DFE300E93C34 /* MBScrubberObject.m in Sources */ = {isa = PBXBuildFile; fileRef = CD6B336D1494DFE300E93C34 /* MBScrubberObject.m */; };
		CDA583811475BEFB00993A14 /* Cocoa.framework in Frameworks */ = {isa = PBXBuildFile; fileRef = CDA583801475BEFB00993A14 /* Cocoa.framework */; };
		CDA5838B1475BEFB00993A14 /* InfoPlist.strings in Resources */ = {isa = PBXBuildFile; fileRef = CDA583891475BEFB00993A14 /* InfoPlist.strings */; };
		CDA5838D1475BEFB00993A14 /* main.m in Sources */ = {isa = PBXBuildFile; fileRef = CDA5838C1475BEFB00993A14 /* main.m */; };
		CDA583911475BEFB00993A14 /* Credits.rtf in Resources */ = {isa = PBXBuildFile; fileRef = CDA5838F1475BEFB00993A14 /* Credits.rtf */; };
		CDA583941475BEFB00993A14 /* BDocument.m in Sources */ = {isa = PBXBuildFile; fileRef = CDA583931475BEFB00993A14 /* BDocument.m */; };
		CDA583971475BEFB00993A14 /* BDocument.xib in Resources */ = {isa = PBXBuildFile; fileRef = CDA583951475BEFB00993A14 /* BDocument.xib */; };
		CDA5839A1475BEFC00993A14 /* MainMenu.xib in Resources */ = {isa = PBXBuildFile; fileRef = CDA583981475BEFC00993A14 /* MainMenu.xib */; };
		CDC58D77149CBD8100555A3F /* MBCanvas.m in Sources */ = {isa = PBXBuildFile; fileRef = CDC58D76149CBD8100555A3F /* MBCanvas.m */; };
/* End PBXBuildFile section */

/* Begin PBXCopyFilesBuildPhase section */
		CD4BA1711491001800A58899 /* CopyFiles */ = {
			isa = PBXCopyFilesBuildPhase;
			buildActionMask = 2147483647;
			dstPath = "";
			dstSubfolderSpec = 10;
			files = (
				CD4BA1721491002400A58899 /* VVBasics.framework in CopyFiles */,
				CD4BA1731491002400A58899 /* VVMIDI.framework in CopyFiles */,
				CD4BA1741491002400A58899 /* VVOSC.framework in CopyFiles */,
				CD4BA1751491002400A58899 /* Syphon.framework in CopyFiles */,
			);
			runOnlyForDeploymentPostprocessing = 0;
		};
/* End PBXCopyFilesBuildPhase section */

/* Begin PBXFileReference section */
		CD4BA15F1490FA2100A58899 /* Syphon.framework */ = {isa = PBXFileReference; lastKnownFileType = wrapper.framework; name = Syphon.framework; path = ../../Frameworks/Syphon.framework; sourceTree = "<group>"; };
		CD4BA16B1491000E00A58899 /* VVBasics.framework */ = {isa = PBXFileReference; lastKnownFileType = wrapper.framework; name = VVBasics.framework; path = ../../Frameworks/VVBasics.framework; sourceTree = "<group>"; };
		CD4BA16C1491000E00A58899 /* VVMIDI.framework */ = {isa = PBXFileReference; lastKnownFileType = wrapper.framework; name = VVMIDI.framework; path = ../../Frameworks/VVMIDI.framework; sourceTree = "<group>"; };
		CD4BA16D1491000E00A58899 /* VVOSC.framework */ = {isa = PBXFileReference; lastKnownFileType = wrapper.framework; name = VVOSC.framework; path = ../../Frameworks/VVOSC.framework; sourceTree = "<group>"; };
		CD4BA176149105F000A58899 /* Syphon Icon.icns */ = {isa = PBXFileReference; lastKnownFileType = image.icns; name = "Syphon Icon.icns"; path = "Resources/Syphon Icon.icns"; sourceTree = "<group>"; };
		CD4BA18D1491186F00A58899 /* MBWindowController.h */ = {isa = PBXFileReference; fileEncoding = 4; lastKnownFileType = sourcecode.c.h; name = MBWindowController.h; path = Source/MBWindowController.h; sourceTree = "<group>"; };
		CD4BA18E1491186F00A58899 /* MBWindowController.m */ = {isa = PBXFileReference; fileEncoding = 4; lastKnownFileType = sourcecode.c.objc; name = MBWindowController.m; path = Source/MBWindowController.m; sourceTree = "<group>"; };
		CD4BA19014911A7100A58899 /* MBBufferObject.h */ = {isa = PBXFileReference; fileEncoding = 4; lastKnownFileType = sourcecode.c.h; name = MBBufferObject.h; path = Source/MBBufferObject.h; sourceTree = "<group>"; };
		CD4BA19114911A7100A58899 /* MBBufferObject.m */ = {isa = PBXFileReference; fileEncoding = 4; lastKnownFileType = sourcecode.c.objc; name = MBBufferObject.m; path = Source/MBBufferObject.m; sourceTree = "<group>"; };
		CD4BA1931491206D00A58899 /* ServerDescriptionValueTransformer.h */ = {isa = PBXFileReference; fileEncoding = 4; lastKnownFileType = sourcecode.c.h; path = ServerDescriptionValueTransformer.h; sourceTree = "<group>"; };
		CD4BA1941491206D00A58899 /* ServerDescriptionValueTransformer.m */ = {isa = PBXFileReference; fileEncoding = 4; lastKnownFileType = sourcecode.c.objc; path = ServerDescriptionValueTransformer.m; sourceTree = "<group>"; };
		CD4BA196149122EC00A58899 /* SourceSyphon.h */ = {isa = PBXFileReference; fileEncoding = 4; lastKnownFileType = sourcecode.c.h; path = SourceSyphon.h; sourceTree = "<group>"; };
		CD4BA197149122EC00A58899 /* SourceSyphon.m */ = {isa = PBXFileReference; fileEncoding = 4; lastKnownFileType = sourcecode.c.objc; path = SourceSyphon.m; sourceTree = "<group>"; };
		CD4BA1991491234900A58899 /* KeystoneTextureSourceProtocol.h */ = {isa = PBXFileReference; fileEncoding = 4; lastKnownFileType = sourcecode.c.h; path = KeystoneTextureSourceProtocol.h; sourceTree = "<group>"; };
		CD4BA1EC1491297C00A58899 /* CoreVideo.framework */ = {isa = PBXFileReference; lastKnownFileType = wrapper.framework; name = CoreVideo.framework; path = System/Library/Frameworks/CoreVideo.framework; sourceTree = SDKROOT; };
		CD4BA1F014912F0000A58899 /* QuartzCore.framework */ = {isa = PBXFileReference; lastKnownFileType = wrapper.framework; name = QuartzCore.framework; path = System/Library/Frameworks/QuartzCore.framework; sourceTree = SDKROOT; };
		CD4BA1F2149131F000A58899 /* NSMutableStack.h */ = {isa = PBXFileReference; fileEncoding = 4; lastKnownFileType = sourcecode.c.h; name = NSMutableStack.h; path = Source/NSMutableStack.h; sourceTree = "<group>"; };
		CD4BA1F3149131F000A58899 /* NSMutableStack.m */ = {isa = PBXFileReference; fileEncoding = 4; lastKnownFileType = sourcecode.c.objc; name = NSMutableStack.m; path = Source/NSMutableStack.m; sourceTree = "<group>"; };
		CD6B335A1494C64800E93C34 /* MBGLView.h */ = {isa = PBXFileReference; fileEncoding = 4; lastKnownFileType = sourcecode.c.h; name = MBGLView.h; path = Source/MBGLView.h; sourceTree = "<group>"; };
		CD6B335B1494C64800E93C34 /* MBGLView.m */ = {isa = PBXFileReference; fileEncoding = 4; lastKnownFileType = sourcecode.c.objc; name = MBGLView.m; path = Source/MBGLView.m; sourceTree = "<group>"; };
		CD6B33621494CF8E00E93C34 /* OpenGL.framework */ = {isa = PBXFileReference; lastKnownFileType = wrapper.framework; name = OpenGL.framework; path = System/Library/Frameworks/OpenGL.framework; sourceTree = SDKROOT; };
		CD6B336C1494DFE300E93C34 /* MBScrubberObject.h */ = {isa = PBXFileReference; fileEncoding = 4; lastKnownFileType = sourcecode.c.h; name = MBScrubberObject.h; path = Source/MBScrubberObject.h; sourceTree = "<group>"; };
		CD6B336D1494DFE300E93C34 /* MBScrubberObject.m */ = {isa = PBXFileReference; fileEncoding = 4; lastKnownFileType = sourcecode.c.objc; name = MBScrubberObject.m; path = Source/MBScrubberObject.m; sourceTree = "<group>"; };
		CDA5837C1475BEFB00993A14 /* megabuffer.app */ = {isa = PBXFileReference; explicitFileType = wrapper.application; includeInIndex = 0; path = megabuffer.app; sourceTree = BUILT_PRODUCTS_DIR; };
		CDA583801475BEFB00993A14 /* Cocoa.framework */ = {isa = PBXFileReference; lastKnownFileType = wrapper.framework; name = Cocoa.framework; path = System/Library/Frameworks/Cocoa.framework; sourceTree = SDKROOT; };
		CDA583831475BEFB00993A14 /* AppKit.framework */ = {isa = PBXFileReference; lastKnownFileType = wrapper.framework; name = AppKit.framework; path = System/Library/Frameworks/AppKit.framework; sourceTree = SDKROOT; };
		CDA583851475BEFB00993A14 /* Foundation.framework */ = {isa = PBXFileReference; lastKnownFileType = wrapper.framework; name = Foundation.framework; path = System/Library/Frameworks/Foundation.framework; sourceTree = SDKROOT; };
		CDA583881475BEFB00993A14 /* megabuffer-Info.plist */ = {isa = PBXFileReference; lastKnownFileType = text.plist.xml; path = "megabuffer-Info.plist"; sourceTree = "<group>"; };
		CDA5838A1475BEFB00993A14 /* en */ = {isa = PBXFileReference; lastKnownFileType = text.plist.strings; name = en; path = en.lproj/InfoPlist.strings; sourceTree = "<group>"; };
		CDA5838C1475BEFB00993A14 /* main.m */ = {isa = PBXFileReference; lastKnownFileType = sourcecode.c.objc; path = main.m; sourceTree = "<group>"; };
		CDA5838E1475BEFB00993A14 /* megabuffer-Prefix.pch */ = {isa = PBXFileReference; lastKnownFileType = sourcecode.c.h; path = "megabuffer-Prefix.pch"; sourceTree = "<group>"; };
		CDA583901475BEFB00993A14 /* en */ = {isa = PBXFileReference; lastKnownFileType = text.rtf; name = en; path = en.lproj/Credits.rtf; sourceTree = "<group>"; };
		CDA583921475BEFB00993A14 /* BDocument.h */ = {isa = PBXFileReference; lastKnownFileType = sourcecode.c.h; path = BDocument.h; sourceTree = "<group>"; };
		CDA583931475BEFB00993A14 /* BDocument.m */ = {isa = PBXFileReference; lastKnownFileType = sourcecode.c.objc; path = BDocument.m; sourceTree = "<group>"; };
		CDA583961475BEFB00993A14 /* en */ = {isa = PBXFileReference; lastKnownFileType = file.xib; name = en; path = en.lproj/BDocument.xib; sourceTree = "<group>"; };
		CDA583991475BEFC00993A14 /* en */ = {isa = PBXFileReference; lastKnownFileType = file.xib; name = en; path = en.lproj/MainMenu.xib; sourceTree = "<group>"; };
		CDC58D75149CBD8100555A3F /* MBCanvas.h */ = {isa = PBXFileReference; fileEncoding = 4; lastKnownFileType = sourcecode.c.h; name = MBCanvas.h; path = Source/MBCanvas.h; sourceTree = "<group>"; };
		CDC58D76149CBD8100555A3F /* MBCanvas.m */ = {isa = PBXFileReference; fileEncoding = 4; lastKnownFileType = sourcecode.c.objc; name = MBCanvas.m; path = Source/MBCanvas.m; sourceTree = "<group>"; };
/* End PBXFileReference section */

/* Begin PBXFrameworksBuildPhase section */
		CDA583791475BEFB00993A14 /* Frameworks */ = {
			isa = PBXFrameworksBuildPhase;
			buildActionMask = 2147483647;
			files = (
				CD6B33631494CF8F00E93C34 /* OpenGL.framework in Frameworks */,
				CD4BA1F114912F0000A58899 /* QuartzCore.framework in Frameworks */,
				CD4BA1ED1491297C00A58899 /* CoreVideo.framework in Frameworks */,
				CDA583811475BEFB00993A14 /* Cocoa.framework in Frameworks */,
				CD4BA1601490FA2100A58899 /* Syphon.framework in Frameworks */,
			);
			runOnlyForDeploymentPostprocessing = 0;
		};
/* End PBXFrameworksBuildPhase section */

/* Begin PBXGroup section */
		CD4BA178149112F500A58899 /* Resources */ = {
			isa = PBXGroup;
			children = (
				CD4BA17A1491130E00A58899 /* Graphics */,
				CD4BA1791491130200A58899 /* Interaces */,
				CDA583871475BEFB00993A14 /* Supporting Files */,
			);
			name = Resources;
			sourceTree = "<group>";
		};
		CD4BA1791491130200A58899 /* Interaces */ = {
			isa = PBXGroup;
			children = (
				CDA583951475BEFB00993A14 /* BDocument.xib */,
				CDA583981475BEFC00993A14 /* MainMenu.xib */,
			);
			name = Interaces;
			sourceTree = "<group>";
		};
		CD4BA17A1491130E00A58899 /* Graphics */ = {
			isa = PBXGroup;
			children = (
				CD4BA176149105F000A58899 /* Syphon Icon.icns */,
			);
			name = Graphics;
			sourceTree = "<group>";
		};
		CD4BA17B1491132700A58899 /* Source */ = {
			isa = PBXGroup;
			children = (
				CD4BA17E1491133E00A58899 /* Controller */,
				CD4BA17D1491133800A58899 /* View */,
				CD4BA17C1491132C00A58899 /* Model */,
			);
			name = Source;
			sourceTree = "<group>";
		};
		CD4BA17C1491132C00A58899 /* Model */ = {
			isa = PBXGroup;
			children = (
				CD4BA1991491234900A58899 /* KeystoneTextureSourceProtocol.h */,
				CD4BA196149122EC00A58899 /* SourceSyphon.h */,
				CD4BA197149122EC00A58899 /* SourceSyphon.m */,
				CDA583921475BEFB00993A14 /* BDocument.h */,
				CDA583931475BEFB00993A14 /* BDocument.m */,
				CD4BA19014911A7100A58899 /* MBBufferObject.h */,
				CD4BA19114911A7100A58899 /* MBBufferObject.m */,
				CD6B336C1494DFE300E93C34 /* MBScrubberObject.h */,
				CD6B336D1494DFE300E93C34 /* MBScrubberObject.m */,
				CDC58D75149CBD8100555A3F /* MBCanvas.h */,
				CDC58D76149CBD8100555A3F /* MBCanvas.m */,
			);
			name = Model;
			sourceTree = "<group>";
		};
		CD4BA17D1491133800A58899 /* View */ = {
			isa = PBXGroup;
			children = (
				CD6B335A1494C64800E93C34 /* MBGLView.h */,
				CD6B335B1494C64800E93C34 /* MBGLView.m */,
			);
			name = View;
			sourceTree = "<group>";
		};
		CD4BA17E1491133E00A58899 /* Controller */ = {
			isa = PBXGroup;
			children = (
				CD4BA1931491206D00A58899 /* ServerDescriptionValueTransformer.h */,
				CD4BA1941491206D00A58899 /* ServerDescriptionValueTransformer.m */,
				CD4BA18D1491186F00A58899 /* MBWindowController.h */,
				CD4BA18E1491186F00A58899 /* MBWindowController.m */,
				CD4BA1F2149131F000A58899 /* NSMutableStack.h */,
				CD4BA1F3149131F000A58899 /* NSMutableStack.m */,
			);
			name = Controller;
			sourceTree = "<group>";
		};
		CDA583711475BEFB00993A14 = {
			isa = PBXGroup;
			children = (
				CDA583861475BEFB00993A14 /* megabuffer */,
				CDA5837F1475BEFB00993A14 /* Frameworks */,
				CDA5837D1475BEFB00993A14 /* Products */,
			);
			sourceTree = "<group>";
		};
		CDA5837D1475BEFB00993A14 /* Products */ = {
			isa = PBXGroup;
			children = (
				CDA5837C1475BEFB00993A14 /* megabuffer.app */,
			);
			name = Products;
			sourceTree = "<group>";
		};
		CDA5837F1475BEFB00993A14 /* Frameworks */ = {
			isa = PBXGroup;
			children = (
				CD4BA16B1491000E00A58899 /* VVBasics.framework */,
				CD4BA16C1491000E00A58899 /* VVMIDI.framework */,
				CD4BA16D1491000E00A58899 /* VVOSC.framework */,
				CD4BA15F1490FA2100A58899 /* Syphon.framework */,
				CDA583821475BEFB00993A14 /* Apple frameworks */,
			);
			name = Frameworks;
			sourceTree = "<group>";
		};
		CDA583821475BEFB00993A14 /* Apple frameworks */ = {
			isa = PBXGroup;
			children = (
				CD6B33621494CF8E00E93C34 /* OpenGL.framework */,
				CD4BA1F014912F0000A58899 /* QuartzCore.framework */,
				CD4BA1EC1491297C00A58899 /* CoreVideo.framework */,
				CDA583801475BEFB00993A14 /* Cocoa.framework */,
				CDA583831475BEFB00993A14 /* AppKit.framework */,
				CDA583851475BEFB00993A14 /* Foundation.framework */,
			);
			name = "Apple frameworks";
			sourceTree = "<group>";
		};
		CDA583861475BEFB00993A14 /* megabuffer */ = {
			isa = PBXGroup;
			children = (
				CD4BA17B1491132700A58899 /* Source */,
				CD4BA178149112F500A58899 /* Resources */,
			);
			path = megabuffer;
			sourceTree = "<group>";
		};
		CDA583871475BEFB00993A14 /* Supporting Files */ = {
			isa = PBXGroup;
			children = (
				CDA583881475BEFB00993A14 /* megabuffer-Info.plist */,
				CDA583891475BEFB00993A14 /* InfoPlist.strings */,
				CDA5838C1475BEFB00993A14 /* main.m */,
				CDA5838E1475BEFB00993A14 /* megabuffer-Prefix.pch */,
				CDA5838F1475BEFB00993A14 /* Credits.rtf */,
			);
			name = "Supporting Files";
			sourceTree = "<group>";
		};
/* End PBXGroup section */

/* Begin PBXNativeTarget section */
		CDA5837B1475BEFB00993A14 /* megabuffer */ = {
			isa = PBXNativeTarget;
			buildConfigurationList = CDA5839D1475BEFC00993A14 /* Build configuration list for PBXNativeTarget "megabuffer" */;
			buildPhases = (
				CDA583781475BEFB00993A14 /* Sources */,
				CD4BA1711491001800A58899 /* CopyFiles */,
				CDA583791475BEFB00993A14 /* Frameworks */,
				CDA5837A1475BEFB00993A14 /* Resources */,
			);
			buildRules = (
			);
			dependencies = (
			);
			name = megabuffer;
			productName = megabuffer;
			productReference = CDA5837C1475BEFB00993A14 /* megabuffer.app */;
			productType = "com.apple.product-type.application";
		};
/* End PBXNativeTarget section */

/* Begin PBXProject section */
		CDA583731475BEFB00993A14 /* Project object */ = {
			isa = PBXProject;
			attributes = {
				LastUpgradeCheck = 0420;
			};
			buildConfigurationList = CDA583761475BEFB00993A14 /* Build configuration list for PBXProject "megabuffer" */;
			compatibilityVersion = "Xcode 3.2";
			developmentRegion = English;
			hasScannedForEncodings = 0;
			knownRegions = (
				en,
			);
			mainGroup = CDA583711475BEFB00993A14;
			productRefGroup = CDA5837D1475BEFB00993A14 /* Products */;
			projectDirPath = "";
			projectRoot = "";
			targets = (
				CDA5837B1475BEFB00993A14 /* megabuffer */,
			);
		};
/* End PBXProject section */

/* Begin PBXResourcesBuildPhase section */
		CDA5837A1475BEFB00993A14 /* Resources */ = {
			isa = PBXResourcesBuildPhase;
			buildActionMask = 2147483647;
			files = (
				CDA5838B1475BEFB00993A14 /* InfoPlist.strings in Resources */,
				CDA583911475BEFB00993A14 /* Credits.rtf in Resources */,
				CDA583971475BEFB00993A14 /* BDocument.xib in Resources */,
				CDA5839A1475BEFC00993A14 /* MainMenu.xib in Resources */,
				CD4BA177149105F000A58899 /* Syphon Icon.icns in Resources */,
			);
			runOnlyForDeploymentPostprocessing = 0;
		};
/* End PBXResourcesBuildPhase section */

/* Begin PBXSourcesBuildPhase section */
		CDA583781475BEFB00993A14 /* Sources */ = {
			isa = PBXSourcesBuildPhase;
			buildActionMask = 2147483647;
			files = (
				CDA5838D1475BEFB00993A14 /* main.m in Sources */,
				CDA583941475BEFB00993A14 /* BDocument.m in Sources */,
				CD4BA18F1491186F00A58899 /* MBWindowController.m in Sources */,
				CD4BA19214911A7100A58899 /* MBBufferObject.m in Sources */,
				CD4BA1951491206D00A58899 /* ServerDescriptionValueTransformer.m in Sources */,
				CD4BA198149122ED00A58899 /* SourceSyphon.m in Sources */,
				CD4BA1F4149131F000A58899 /* NSMutableStack.m in Sources */,
				CD6B335C1494C64800E93C34 /* MBGLView.m in Sources */,
				CD6B336E1494DFE300E93C34 /* MBScrubberObject.m in Sources */,
				CDC58D77149CBD8100555A3F /* MBCanvas.m in Sources */,
			);
			runOnlyForDeploymentPostprocessing = 0;
		};
/* End PBXSourcesBuildPhase section */

/* Begin PBXVariantGroup section */
		CDA583891475BEFB00993A14 /* InfoPlist.strings */ = {
			isa = PBXVariantGroup;
			children = (
				CDA5838A1475BEFB00993A14 /* en */,
			);
			name = InfoPlist.strings;
			sourceTree = "<group>";
		};
		CDA5838F1475BEFB00993A14 /* Credits.rtf */ = {
			isa = PBXVariantGroup;
			children = (
				CDA583901475BEFB00993A14 /* en */,
			);
			name = Credits.rtf;
			sourceTree = "<group>";
		};
		CDA583951475BEFB00993A14 /* BDocument.xib */ = {
			isa = PBXVariantGroup;
			children = (
				CDA583961475BEFB00993A14 /* en */,
			);
			name = BDocument.xib;
			sourceTree = "<group>";
		};
		CDA583981475BEFC00993A14 /* MainMenu.xib */ = {
			isa = PBXVariantGroup;
			children = (
				CDA583991475BEFC00993A14 /* en */,
			);
			name = MainMenu.xib;
			sourceTree = "<group>";
		};
/* End PBXVariantGroup section */

/* Begin XCBuildConfiguration section */
		CDA5839B1475BEFC00993A14 /* Debug */ = {
			isa = XCBuildConfiguration;
			buildSettings = {
				ALWAYS_SEARCH_USER_PATHS = NO;
				ARCHS = "$(ARCHS_STANDARD_64_BIT)";
				COPY_PHASE_STRIP = NO;
				GCC_C_LANGUAGE_STANDARD = gnu99;
				GCC_DYNAMIC_NO_PIC = NO;
				GCC_ENABLE_OBJC_EXCEPTIONS = YES;
				GCC_OPTIMIZATION_LEVEL = 0;
				GCC_PREPROCESSOR_DEFINITIONS = (
					"DEBUG=1",
					"$(inherited)",
				);
				GCC_SYMBOLS_PRIVATE_EXTERN = NO;
				GCC_VERSION = com.apple.compilers.llvm.clang.1_0;
				GCC_WARN_64_TO_32_BIT_CONVERSION = YES;
				GCC_WARN_ABOUT_MISSING_PROTOTYPES = YES;
				GCC_WARN_ABOUT_RETURN_TYPE = YES;
				GCC_WARN_UNUSED_VARIABLE = YES;
				MACOSX_DEPLOYMENT_TARGET = 10.6;
				ONLY_ACTIVE_ARCH = YES;
				SDKROOT = macosx;
			};
			name = Debug;
		};
		CDA5839C1475BEFC00993A14 /* Release */ = {
			isa = XCBuildConfiguration;
			buildSettings = {
				ALWAYS_SEARCH_USER_PATHS = NO;
				ARCHS = "$(ARCHS_STANDARD_64_BIT)";
				COPY_PHASE_STRIP = YES;
				DEBUG_INFORMATION_FORMAT = "dwarf-with-dsym";
				GCC_C_LANGUAGE_STANDARD = gnu99;
				GCC_ENABLE_OBJC_EXCEPTIONS = YES;
				GCC_VERSION = com.apple.compilers.llvm.clang.1_0;
				GCC_WARN_64_TO_32_BIT_CONVERSION = YES;
				GCC_WARN_ABOUT_MISSING_PROTOTYPES = YES;
				GCC_WARN_ABOUT_RETURN_TYPE = YES;
				GCC_WARN_UNUSED_VARIABLE = YES;
				MACOSX_DEPLOYMENT_TARGET = 10.6;
				SDKROOT = macosx;
			};
			name = Release;
		};
		CDA5839E1475BEFC00993A14 /* Debug */ = {
			isa = XCBuildConfiguration;
			buildSettings = {
				CLANG_ENABLE_OBJC_ARC = YES;
				FRAMEWORK_SEARCH_PATHS = (
					"$(inherited)",
					"\"$(SRCROOT)/../../Frameworks\"",
				);
				GCC_PRECOMPILE_PREFIX_HEADER = YES;
				GCC_PREFIX_HEADER = "megabuffer/megabuffer-Prefix.pch";
				INFOPLIST_FILE = "megabuffer/megabuffer-Info.plist";
				LD_RUNPATH_SEARCH_PATHS = "@loader_path/../Frameworks";
				PRODUCT_NAME = "$(TARGET_NAME)";
				WRAPPER_EXTENSION = app;
			};
			name = Debug;
		};
		CDA5839F1475BEFC00993A14 /* Release */ = {
			isa = XCBuildConfiguration;
			buildSettings = {
				CLANG_ENABLE_OBJC_ARC = YES;
				FRAMEWORK_SEARCH_PATHS = (
					"$(inherited)",
					"\"$(SRCROOT)/../../Frameworks\"",
				);
				GCC_PRECOMPILE_PREFIX_HEADER = YES;
				GCC_PREFIX_HEADER = "megabuffer/megabuffer-Prefix.pch";
				INFOPLIST_FILE = "megabuffer/megabuffer-Info.plist";
				LD_RUNPATH_SEARCH_PATHS = "@loader_path/../Frameworks";
				PRODUCT_NAME = "$(TARGET_NAME)";
				WRAPPER_EXTENSION = app;
			};
			name = Release;
		};
/* End XCBuildConfiguration section */

/* Begin XCConfigurationList section */
		CDA583761475BEFB00993A14 /* Build configuration list for PBXProject "megabuffer" */ = {
			isa = XCConfigurationList;
			buildConfigurations = (
				CDA5839B1475BEFC00993A14 /* Debug */,
				CDA5839C1475BEFC00993A14 /* Release */,
			);
			defaultConfigurationIsVisible = 0;
			defaultConfigurationName = Release;
		};
		CDA5839D1475BEFC00993A14 /* Build configuration list for PBXNativeTarget "megabuffer" */ = {
			isa = XCConfigurationList;
			buildConfigurations = (
				CDA5839E1475BEFC00993A14 /* Debug */,
				CDA5839F1475BEFC00993A14 /* Release */,
			);
			defaultConfigurationIsVisible = 0;
			defaultConfigurationName = Release;
		};
/* End XCConfigurationList section */
	};
	rootObject = CDA583731475BEFB00993A14 /* Project object */;
}
