// !$*UTF8*$!
{
	archiveVersion = 1;
	classes = {
	};
	objectVersion = 46;
	objects = {

/* Begin PBXBuildFile section */
		CDA583811475BEFB00993A14 /* Cocoa.framework in Frameworks */ = {isa = PBXBuildFile; fileRef = CDA583801475BEFB00993A14 /* Cocoa.framework */; };
		CDA5838B1475BEFB00993A14 /* InfoPlist.strings in Resources */ = {isa = PBXBuildFile; fileRef = CDA583891475BEFB00993A14 /* InfoPlist.strings */; };
		CDA5838D1475BEFB00993A14 /* main.m in Sources */ = {isa = PBXBuildFile; fileRef = CDA5838C1475BEFB00993A14 /* main.m */; };
		CDA583911475BEFB00993A14 /* Credits.rtf in Resources */ = {isa = PBXBuildFile; fileRef = CDA5838F1475BEFB00993A14 /* Credits.rtf */; };
		CDA583941475BEFB00993A14 /* BDocument.m in Sources */ = {isa = PBXBuildFile; fileRef = CDA583931475BEFB00993A14 /* BDocument.m */; };
		CDA583971475BEFB00993A14 /* BDocument.xib in Resources */ = {isa = PBXBuildFile; fileRef = CDA583951475BEFB00993A14 /* BDocument.xib */; };
		CDA5839A1475BEFC00993A14 /* MainMenu.xib in Resources */ = {isa = PBXBuildFile; fileRef = CDA583981475BEFC00993A14 /* MainMenu.xib */; };
/* End PBXBuildFile section */

/* Begin PBXFileReference section */
		CDA5837C1475BEFB00993A14 /* megabuffer.app */ = {isa = PBXFileReference; explicitFileType = wrapper.application; includeInIndex = 0; path = megabuffer.app; sourceTree = BUILT_PRODUCTS_DIR; };
		CDA583801475BEFB00993A14 /* Cocoa.framework */ = {isa = PBXFileReference; lastKnownFileType = wrapper.framework; name = Cocoa.framework; path = System/Library/Frameworks/Cocoa.framework; sourceTree = SDKROOT; };
		CDA583831475BEFB00993A14 /* AppKit.framework */ = {isa = PBXFileReference; lastKnownFileType = wrapper.framework; name = AppKit.framework; path = System/Library/Frameworks/AppKit.framework; sourceTree = SDKROOT; };
		CDA583841475BEFB00993A14 /* CoreData.framework */ = {isa = PBXFileReference; lastKnownFileType = wrapper.framework; name = CoreData.framework; path = System/Library/Frameworks/CoreData.framework; sourceTree = SDKROOT; };
		CDA583851475BEFB00993A14 /* Foundation.framework */ = {isa = PBXFileReference; lastKnownFileType = wrapper.framework; name = Foundation.framework; path = System/Library/Frameworks/Foundation.framework; sourceTree = SDKROOT; };
		CDA583881475BEFB00993A14 /* megabuffer-Info.plist */ = {isa = PBXFileReference; path = "megabuffer-Info.plist"; sourceTree = "<group>"; };
		CDA5838A1475BEFB00993A14 /* en */ = {isa = PBXFileReference; lastKnownFileType = text.plist.strings; name = en; path = en.lproj/InfoPlist.strings; sourceTree = "<group>"; };
		CDA5838C1475BEFB00993A14 /* main.m */ = {isa = PBXFileReference; lastKnownFileType = sourcecode.c.objc; path = main.m; sourceTree = "<group>"; };
		CDA5838E1475BEFB00993A14 /* megabuffer-Prefix.pch */ = {isa = PBXFileReference; path = "megabuffer-Prefix.pch"; sourceTree = "<group>"; };
		CDA583901475BEFB00993A14 /* en */ = {isa = PBXFileReference; lastKnownFileType = text.rtf; name = en; path = en.lproj/Credits.rtf; sourceTree = "<group>"; };
		CDA583921475BEFB00993A14 /* BDocument.h */ = {isa = PBXFileReference; path = BDocument.h; sourceTree = "<group>"; };
		CDA583931475BEFB00993A14 /* BDocument.m */ = {isa = PBXFileReference; lastKnownFileType = sourcecode.c.objc; path = BDocument.m; sourceTree = "<group>"; };
		CDA583961475BEFB00993A14 /* en */ = {isa = PBXFileReference; lastKnownFileType = file.xib; name = en; path = en.lproj/BDocument.xib; sourceTree = "<group>"; };
		CDA583991475BEFC00993A14 /* en */ = {isa = PBXFileReference; lastKnownFileType = file.xib; name = en; path = en.lproj/MainMenu.xib; sourceTree = "<group>"; };
/* End PBXFileReference section */

/* Begin PBXFrameworksBuildPhase section */
		CDA583791475BEFB00993A14 /* Frameworks */ = {
			isa = PBXFrameworksBuildPhase;
			buildActionMask = 2147483647;
			files = (
				CDA583811475BEFB00993A14 /* Cocoa.framework in Frameworks */,
			);
			runOnlyForDeploymentPostprocessing = 0;
		};
/* End PBXFrameworksBuildPhase section */

/* Begin PBXGroup section */
		CDA583711475BEFB00993A14 = {
			isa = PBXGroup;
			children = (
				CDA583861475BEFB00993A14 /* megabuffer */,
				CDA5837F1475BEFB00993A14 /* Frameworks */,
				CDA5837D1475BEFB00993A14 /* Products */,
			);
			sourceTree = "<group>";
		};
		CDA5837D1475BEFB00993A14 /* Products */ = {
			isa = PBXGroup;
			children = (
				CDA5837C1475BEFB00993A14 /* megabuffer.app */,
			);
			name = Products;
			sourceTree = "<group>";
		};
		CDA5837F1475BEFB00993A14 /* Frameworks */ = {
			isa = PBXGroup;
			children = (
				CDA583801475BEFB00993A14 /* Cocoa.framework */,
				CDA583821475BEFB00993A14 /* Other Frameworks */,
			);
			name = Frameworks;
			sourceTree = "<group>";
		};
		CDA583821475BEFB00993A14 /* Other Frameworks */ = {
			isa = PBXGroup;
			children = (
				CDA583831475BEFB00993A14 /* AppKit.framework */,
				CDA583841475BEFB00993A14 /* CoreData.framework */,
				CDA583851475BEFB00993A14 /* Foundation.framework */,
			);
			name = "Other Frameworks";
			sourceTree = "<group>";
		};
		CDA583861475BEFB00993A14 /* megabuffer */ = {
			isa = PBXGroup;
			children = (
				CDA583921475BEFB00993A14 /* BDocument.h */,
				CDA583931475BEFB00993A14 /* BDocument.m */,
				CDA583951475BEFB00993A14 /* BDocument.xib */,
				CDA583981475BEFC00993A14 /* MainMenu.xib */,
				CDA583871475BEFB00993A14 /* Supporting Files */,
			);
			path = megabuffer;
			sourceTree = "<group>";
		};
		CDA583871475BEFB00993A14 /* Supporting Files */ = {
			isa = PBXGroup;
			children = (
				CDA583881475BEFB00993A14 /* megabuffer-Info.plist */,
				CDA583891475BEFB00993A14 /* InfoPlist.strings */,
				CDA5838C1475BEFB00993A14 /* main.m */,
				CDA5838E1475BEFB00993A14 /* megabuffer-Prefix.pch */,
				CDA5838F1475BEFB00993A14 /* Credits.rtf */,
			);
			name = "Supporting Files";
			sourceTree = "<group>";
		};
/* End PBXGroup section */

/* Begin PBXNativeTarget section */
		CDA5837B1475BEFB00993A14 /* megabuffer */ = {
			isa = PBXNativeTarget;
			buildConfigurationList = CDA5839D1475BEFC00993A14 /* Build configuration list for PBXNativeTarget "megabuffer" */;
			buildPhases = (
				CDA583781475BEFB00993A14 /* Sources */,
				CDA583791475BEFB00993A14 /* Frameworks */,
				CDA5837A1475BEFB00993A14 /* Resources */,
			);
			buildRules = (
			);
			dependencies = (
			);
			name = megabuffer;
			productName = megabuffer;
			productReference = CDA5837C1475BEFB00993A14 /* megabuffer.app */;
			productType = "com.apple.product-type.application";
		};
/* End PBXNativeTarget section */

/* Begin PBXProject section */
		CDA583731475BEFB00993A14 /* Project object */ = {
			isa = PBXProject;
			attributes = {
				LastUpgradeCheck = 0420;
			};
			buildConfigurationList = CDA583761475BEFB00993A14 /* Build configuration list for PBXProject "megabuffer" */;
			compatibilityVersion = "Xcode 3.2";
			developmentRegion = English;
			hasScannedForEncodings = 0;
			knownRegions = (
				en,
			);
			mainGroup = CDA583711475BEFB00993A14;
			productRefGroup = CDA5837D1475BEFB00993A14 /* Products */;
			projectDirPath = "";
			projectRoot = "";
			targets = (
				CDA5837B1475BEFB00993A14 /* megabuffer */,
			);
		};
/* End PBXProject section */

/* Begin PBXResourcesBuildPhase section */
		CDA5837A1475BEFB00993A14 /* Resources */ = {
			isa = PBXResourcesBuildPhase;
			buildActionMask = 2147483647;
			files = (
				CDA5838B1475BEFB00993A14 /* InfoPlist.strings in Resources */,
				CDA583911475BEFB00993A14 /* Credits.rtf in Resources */,
				CDA583971475BEFB00993A14 /* BDocument.xib in Resources */,
				CDA5839A1475BEFC00993A14 /* MainMenu.xib in Resources */,
			);
			runOnlyForDeploymentPostprocessing = 0;
		};
/* End PBXResourcesBuildPhase section */

/* Begin PBXSourcesBuildPhase section */
		CDA583781475BEFB00993A14 /* Sources */ = {
			isa = PBXSourcesBuildPhase;
			buildActionMask = 2147483647;
			files = (
				CDA5838D1475BEFB00993A14 /* main.m in Sources */,
				CDA583941475BEFB00993A14 /* BDocument.m in Sources */,
			);
			runOnlyForDeploymentPostprocessing = 0;
		};
/* End PBXSourcesBuildPhase section */

/* Begin PBXVariantGroup section */
		CDA583891475BEFB00993A14 /* InfoPlist.strings */ = {
			isa = PBXVariantGroup;
			children = (
				CDA5838A1475BEFB00993A14 /* en */,
			);
			name = InfoPlist.strings;
			sourceTree = "<group>";
		};
		CDA5838F1475BEFB00993A14 /* Credits.rtf */ = {
			isa = PBXVariantGroup;
			children = (
				CDA583901475BEFB00993A14 /* en */,
			);
			name = Credits.rtf;
			sourceTree = "<group>";
		};
		CDA583951475BEFB00993A14 /* BDocument.xib */ = {
			isa = PBXVariantGroup;
			children = (
				CDA583961475BEFB00993A14 /* en */,
			);
			name = BDocument.xib;
			sourceTree = "<group>";
		};
		CDA583981475BEFC00993A14 /* MainMenu.xib */ = {
			isa = PBXVariantGroup;
			children = (
				CDA583991475BEFC00993A14 /* en */,
			);
			name = MainMenu.xib;
			sourceTree = "<group>";
		};
/* End PBXVariantGroup section */

/* Begin XCBuildConfiguration section */
		CDA5839B1475BEFC00993A14 /* Debug */ = {
			isa = XCBuildConfiguration;
			buildSettings = {
				ALWAYS_SEARCH_USER_PATHS = NO;
				ARCHS = "$(ARCHS_STANDARD_64_BIT)";
				COPY_PHASE_STRIP = NO;
				GCC_C_LANGUAGE_STANDARD = gnu99;
				GCC_DYNAMIC_NO_PIC = NO;
				GCC_ENABLE_OBJC_EXCEPTIONS = YES;
				GCC_OPTIMIZATION_LEVEL = 0;
				GCC_PREPROCESSOR_DEFINITIONS = (
					"DEBUG=1",
					"$(inherited)",
				);
				GCC_SYMBOLS_PRIVATE_EXTERN = NO;
				GCC_VERSION = com.apple.compilers.llvm.clang.1_0;
				GCC_WARN_64_TO_32_BIT_CONVERSION = YES;
				GCC_WARN_ABOUT_MISSING_PROTOTYPES = YES;
				GCC_WARN_ABOUT_RETURN_TYPE = YES;
				GCC_WARN_UNUSED_VARIABLE = YES;
				MACOSX_DEPLOYMENT_TARGET = 10.6;
				ONLY_ACTIVE_ARCH = YES;
				SDKROOT = macosx;
			};
			name = Debug;
		};
		CDA5839C1475BEFC00993A14 /* Release */ = {
			isa = XCBuildConfiguration;
			buildSettings = {
				ALWAYS_SEARCH_USER_PATHS = NO;
				ARCHS = "$(ARCHS_STANDARD_64_BIT)";
				COPY_PHASE_STRIP = YES;
				DEBUG_INFORMATION_FORMAT = "dwarf-with-dsym";
				GCC_C_LANGUAGE_STANDARD = gnu99;
				GCC_ENABLE_OBJC_EXCEPTIONS = YES;
				GCC_VERSION = com.apple.compilers.llvm.clang.1_0;
				GCC_WARN_64_TO_32_BIT_CONVERSION = YES;
				GCC_WARN_ABOUT_MISSING_PROTOTYPES = YES;
				GCC_WARN_ABOUT_RETURN_TYPE = YES;
				GCC_WARN_UNUSED_VARIABLE = YES;
				MACOSX_DEPLOYMENT_TARGET = 10.6;
				SDKROOT = macosx;
			};
			name = Release;
		};
		CDA5839E1475BEFC00993A14 /* Debug */ = {
			isa = XCBuildConfiguration;
			buildSettings = {
				GCC_PRECOMPILE_PREFIX_HEADER = YES;
				GCC_PREFIX_HEADER = "megabuffer/megabuffer-Prefix.pch";
				INFOPLIST_FILE = "megabuffer/megabuffer-Info.plist";
				PRODUCT_NAME = "$(TARGET_NAME)";
				WRAPPER_EXTENSION = app;
			};
			name = Debug;
		};
		CDA5839F1475BEFC00993A14 /* Release */ = {
			isa = XCBuildConfiguration;
			buildSettings = {
				GCC_PRECOMPILE_PREFIX_HEADER = YES;
				GCC_PREFIX_HEADER = "megabuffer/megabuffer-Prefix.pch";
				INFOPLIST_FILE = "megabuffer/megabuffer-Info.plist";
				PRODUCT_NAME = "$(TARGET_NAME)";
				WRAPPER_EXTENSION = app;
			};
			name = Release;
		};
/* End XCBuildConfiguration section */

/* Begin XCConfigurationList section */
		CDA583761475BEFB00993A14 /* Build configuration list for PBXProject "megabuffer" */ = {
			isa = XCConfigurationList;
			buildConfigurations = (
				CDA5839B1475BEFC00993A14 /* Debug */,
				CDA5839C1475BEFC00993A14 /* Release */,
			);
			defaultConfigurationIsVisible = 0;
			defaultConfigurationName = Release;
		};
		CDA5839D1475BEFC00993A14 /* Build configuration list for PBXNativeTarget "megabuffer" */ = {
			isa = XCConfigurationList;
			buildConfigurations = (
				CDA5839E1475BEFC00993A14 /* Debug */,
				CDA5839F1475BEFC00993A14 /* Release */,
			);
			defaultConfigurationIsVisible = 0;
		};
/* End XCConfigurationList section */
	};
	rootObject = CDA583731475BEFB00993A14 /* Project object */;
}
